// !$*UTF8*$!
{
	archiveVersion = 1;
	classes = {
	};
	objectVersion = 56;
	objects = {

/* Begin PBXBuildFile section */
		4B7278842B53170B006E1400 /* AppDelegate.swift in Sources */ = {isa = PBXBuildFile; fileRef = 4B7278832B53170B006E1400 /* AppDelegate.swift */; };
		4B7278862B53170B006E1400 /* SceneDelegate.swift in Sources */ = {isa = PBXBuildFile; fileRef = 4B7278852B53170B006E1400 /* SceneDelegate.swift */; };
		4B7278882B53170B006E1400 /* ViewController.swift in Sources */ = {isa = PBXBuildFile; fileRef = 4B7278872B53170B006E1400 /* ViewController.swift */; };
		4B72788B2B53170B006E1400 /* Main.storyboard in Resources */ = {isa = PBXBuildFile; fileRef = 4B7278892B53170B006E1400 /* Main.storyboard */; };
		4B72788D2B53170C006E1400 /* Assets.xcassets in Resources */ = {isa = PBXBuildFile; fileRef = 4B72788C2B53170C006E1400 /* Assets.xcassets */; };
		4B7278902B53170C006E1400 /* LaunchScreen.storyboard in Resources */ = {isa = PBXBuildFile; fileRef = 4B72788E2B53170C006E1400 /* LaunchScreen.storyboard */; };
		4B72789B2B53170C006E1400 /* TamblolaTests.swift in Sources */ = {isa = PBXBuildFile; fileRef = 4B72789A2B53170C006E1400 /* TamblolaTests.swift */; };
		4B7278A52B53170C006E1400 /* TamblolaUITests.swift in Sources */ = {isa = PBXBuildFile; fileRef = 4B7278A42B53170C006E1400 /* TamblolaUITests.swift */; };
		4B7278A72B53170C006E1400 /* TamblolaUITestsLaunchTests.swift in Sources */ = {isa = PBXBuildFile; fileRef = 4B7278A62B53170C006E1400 /* TamblolaUITestsLaunchTests.swift */; };
/* End PBXBuildFile section */

/* Begin PBXContainerItemProxy section */
		4B7278972B53170C006E1400 /* PBXContainerItemProxy */ = {
			isa = PBXContainerItemProxy;
			containerPortal = 4B7278782B53170B006E1400 /* Project object */;
			proxyType = 1;
			remoteGlobalIDString = 4B72787F2B53170B006E1400;
			remoteInfo = Tamblola;
		};
		4B7278A12B53170C006E1400 /* PBXContainerItemProxy */ = {
			isa = PBXContainerItemProxy;
			containerPortal = 4B7278782B53170B006E1400 /* Project object */;
			proxyType = 1;
			remoteGlobalIDString = 4B72787F2B53170B006E1400;
			remoteInfo = Tamblola;
		};
/* End PBXContainerItemProxy section */

/* Begin PBXFileReference section */
		4B7278802B53170B006E1400 /* Tamblola.app */ = {isa = PBXFileReference; explicitFileType = wrapper.application; includeInIndex = 0; path = Tamblola.app; sourceTree = BUILT_PRODUCTS_DIR; };
		4B7278832B53170B006E1400 /* AppDelegate.swift */ = {isa = PBXFileReference; lastKnownFileType = sourcecode.swift; path = AppDelegate.swift; sourceTree = "<group>"; };
		4B7278852B53170B006E1400 /* SceneDelegate.swift */ = {isa = PBXFileReference; lastKnownFileType = sourcecode.swift; path = SceneDelegate.swift; sourceTree = "<group>"; };
		4B7278872B53170B006E1400 /* ViewController.swift */ = {isa = PBXFileReference; lastKnownFileType = sourcecode.swift; path = ViewController.swift; sourceTree = "<group>"; };
		4B72788A2B53170B006E1400 /* Base */ = {isa = PBXFileReference; lastKnownFileType = file.storyboard; name = Base; path = Base.lproj/Main.storyboard; sourceTree = "<group>"; };
		4B72788C2B53170C006E1400 /* Assets.xcassets */ = {isa = PBXFileReference; lastKnownFileType = folder.assetcatalog; path = Assets.xcassets; sourceTree = "<group>"; };
		4B72788F2B53170C006E1400 /* Base */ = {isa = PBXFileReference; lastKnownFileType = file.storyboard; name = Base; path = Base.lproj/LaunchScreen.storyboard; sourceTree = "<group>"; };
		4B7278912B53170C006E1400 /* Info.plist */ = {isa = PBXFileReference; lastKnownFileType = text.plist.xml; path = Info.plist; sourceTree = "<group>"; };
		4B7278962B53170C006E1400 /* TamblolaTests.xctest */ = {isa = PBXFileReference; explicitFileType = wrapper.cfbundle; includeInIndex = 0; path = TamblolaTests.xctest; sourceTree = BUILT_PRODUCTS_DIR; };
		4B72789A2B53170C006E1400 /* TamblolaTests.swift */ = {isa = PBXFileReference; lastKnownFileType = sourcecode.swift; path = TamblolaTests.swift; sourceTree = "<group>"; };
		4B7278A02B53170C006E1400 /* TamblolaUITests.xctest */ = {isa = PBXFileReference; explicitFileType = wrapper.cfbundle; includeInIndex = 0; path = TamblolaUITests.xctest; sourceTree = BUILT_PRODUCTS_DIR; };
		4B7278A42B53170C006E1400 /* TamblolaUITests.swift */ = {isa = PBXFileReference; lastKnownFileType = sourcecode.swift; path = TamblolaUITests.swift; sourceTree = "<group>"; };
		4B7278A62B53170C006E1400 /* TamblolaUITestsLaunchTests.swift */ = {isa = PBXFileReference; lastKnownFileType = sourcecode.swift; path = TamblolaUITestsLaunchTests.swift; sourceTree = "<group>"; };
/* End PBXFileReference section */

/* Begin PBXFrameworksBuildPhase section */
		4B72787D2B53170B006E1400 /* Frameworks */ = {
			isa = PBXFrameworksBuildPhase;
			buildActionMask = 2147483647;
			files = (
			);
			runOnlyForDeploymentPostprocessing = 0;
		};
		4B7278932B53170C006E1400 /* Frameworks */ = {
			isa = PBXFrameworksBuildPhase;
			buildActionMask = 2147483647;
			files = (
			);
			runOnlyForDeploymentPostprocessing = 0;
		};
		4B72789D2B53170C006E1400 /* Frameworks */ = {
			isa = PBXFrameworksBuildPhase;
			buildActionMask = 2147483647;
			files = (
			);
			runOnlyForDeploymentPostprocessing = 0;
		};
/* End PBXFrameworksBuildPhase section */

/* Begin PBXGroup section */
		4B7278772B53170B006E1400 = {
			isa = PBXGroup;
			children = (
				4B7278822B53170B006E1400 /* Tamblola */,
				4B7278992B53170C006E1400 /* TamblolaTests */,
				4B7278A32B53170C006E1400 /* TamblolaUITests */,
				4B7278812B53170B006E1400 /* Products */,
			);
			sourceTree = "<group>";
		};
		4B7278812B53170B006E1400 /* Products */ = {
			isa = PBXGroup;
			children = (
				4B7278802B53170B006E1400 /* Tamblola.app */,
				4B7278962B53170C006E1400 /* TamblolaTests.xctest */,
				4B7278A02B53170C006E1400 /* TamblolaUITests.xctest */,
			);
			name = Products;
			sourceTree = "<group>";
		};
		4B7278822B53170B006E1400 /* Tamblola */ = {
			isa = PBXGroup;
			children = (
				4B7278832B53170B006E1400 /* AppDelegate.swift */,
				4B7278852B53170B006E1400 /* SceneDelegate.swift */,
				4B7278872B53170B006E1400 /* ViewController.swift */,
				4B7278892B53170B006E1400 /* Main.storyboard */,
				4B72788C2B53170C006E1400 /* Assets.xcassets */,
				4B72788E2B53170C006E1400 /* LaunchScreen.storyboard */,
				4B7278912B53170C006E1400 /* Info.plist */,
			);
			path = Tamblola;
			sourceTree = "<group>";
		};
		4B7278992B53170C006E1400 /* TamblolaTests */ = {
			isa = PBXGroup;
			children = (
				4B72789A2B53170C006E1400 /* TamblolaTests.swift */,
			);
			path = TamblolaTests;
			sourceTree = "<group>";
		};
		4B7278A32B53170C006E1400 /* TamblolaUITests */ = {
			isa = PBXGroup;
			children = (
				4B7278A42B53170C006E1400 /* TamblolaUITests.swift */,
				4B7278A62B53170C006E1400 /* TamblolaUITestsLaunchTests.swift */,
			);
			path = TamblolaUITests;
			sourceTree = "<group>";
		};
/* End PBXGroup section */

/* Begin PBXNativeTarget section */
		4B72787F2B53170B006E1400 /* Tamblola */ = {
			isa = PBXNativeTarget;
			buildConfigurationList = 4B7278AA2B53170C006E1400 /* Build configuration list for PBXNativeTarget "Tamblola" */;
			buildPhases = (
				4B72787C2B53170B006E1400 /* Sources */,
				4B72787D2B53170B006E1400 /* Frameworks */,
				4B72787E2B53170B006E1400 /* Resources */,
			);
			buildRules = (
			);
			dependencies = (
			);
			name = Tamblola;
			productName = Tamblola;
			productReference = 4B7278802B53170B006E1400 /* Tamblola.app */;
			productType = "com.apple.product-type.application";
		};
		4B7278952B53170C006E1400 /* TamblolaTests */ = {
			isa = PBXNativeTarget;
			buildConfigurationList = 4B7278AD2B53170C006E1400 /* Build configuration list for PBXNativeTarget "TamblolaTests" */;
			buildPhases = (
				4B7278922B53170C006E1400 /* Sources */,
				4B7278932B53170C006E1400 /* Frameworks */,
				4B7278942B53170C006E1400 /* Resources */,
			);
			buildRules = (
			);
			dependencies = (
				4B7278982B53170C006E1400 /* PBXTargetDependency */,
			);
			name = TamblolaTests;
			productName = TamblolaTests;
			productReference = 4B7278962B53170C006E1400 /* TamblolaTests.xctest */;
			productType = "com.apple.product-type.bundle.unit-test";
		};
		4B72789F2B53170C006E1400 /* TamblolaUITests */ = {
			isa = PBXNativeTarget;
			buildConfigurationList = 4B7278B02B53170C006E1400 /* Build configuration list for PBXNativeTarget "TamblolaUITests" */;
			buildPhases = (
				4B72789C2B53170C006E1400 /* Sources */,
				4B72789D2B53170C006E1400 /* Frameworks */,
				4B72789E2B53170C006E1400 /* Resources */,
			);
			buildRules = (
			);
			dependencies = (
				4B7278A22B53170C006E1400 /* PBXTargetDependency */,
			);
			name = TamblolaUITests;
			productName = TamblolaUITests;
			productReference = 4B7278A02B53170C006E1400 /* TamblolaUITests.xctest */;
			productType = "com.apple.product-type.bundle.ui-testing";
		};
/* End PBXNativeTarget section */

/* Begin PBXProject section */
		4B7278782B53170B006E1400 /* Project object */ = {
			isa = PBXProject;
			attributes = {
				BuildIndependentTargetsInParallel = 1;
				LastSwiftUpdateCheck = 1510;
				LastUpgradeCheck = 1510;
				TargetAttributes = {
					4B72787F2B53170B006E1400 = {
						CreatedOnToolsVersion = 15.1;
					};
					4B7278952B53170C006E1400 = {
						CreatedOnToolsVersion = 15.1;
						TestTargetID = 4B72787F2B53170B006E1400;
					};
					4B72789F2B53170C006E1400 = {
						CreatedOnToolsVersion = 15.1;
						TestTargetID = 4B72787F2B53170B006E1400;
					};
				};
			};
			buildConfigurationList = 4B72787B2B53170B006E1400 /* Build configuration list for PBXProject "Tamblola" */;
			compatibilityVersion = "Xcode 14.0";
			developmentRegion = en;
			hasScannedForEncodings = 0;
			knownRegions = (
				en,
				Base,
			);
			mainGroup = 4B7278772B53170B006E1400;
			productRefGroup = 4B7278812B53170B006E1400 /* Products */;
			projectDirPath = "";
			projectRoot = "";
			targets = (
				4B72787F2B53170B006E1400 /* Tamblola */,
				4B7278952B53170C006E1400 /* TamblolaTests */,
				4B72789F2B53170C006E1400 /* TamblolaUITests */,
			);
		};
/* End PBXProject section */

/* Begin PBXResourcesBuildPhase section */
		4B72787E2B53170B006E1400 /* Resources */ = {
			isa = PBXResourcesBuildPhase;
			buildActionMask = 2147483647;
			files = (
				4B7278902B53170C006E1400 /* LaunchScreen.storyboard in Resources */,
				4B72788D2B53170C006E1400 /* Assets.xcassets in Resources */,
				4B72788B2B53170B006E1400 /* Main.storyboard in Resources */,
			);
			runOnlyForDeploymentPostprocessing = 0;
		};
		4B7278942B53170C006E1400 /* Resources */ = {
			isa = PBXResourcesBuildPhase;
			buildActionMask = 2147483647;
			files = (
			);
			runOnlyForDeploymentPostprocessing = 0;
		};
		4B72789E2B53170C006E1400 /* Resources */ = {
			isa = PBXResourcesBuildPhase;
			buildActionMask = 2147483647;
			files = (
			);
			runOnlyForDeploymentPostprocessing = 0;
		};
/* End PBXResourcesBuildPhase section */

/* Begin PBXSourcesBuildPhase section */
		4B72787C2B53170B006E1400 /* Sources */ = {
			isa = PBXSourcesBuildPhase;
			buildActionMask = 2147483647;
			files = (
				4B7278882B53170B006E1400 /* ViewController.swift in Sources */,
				4B7278842B53170B006E1400 /* AppDelegate.swift in Sources */,
				4B7278862B53170B006E1400 /* SceneDelegate.swift in Sources */,
			);
			runOnlyForDeploymentPostprocessing = 0;
		};
		4B7278922B53170C006E1400 /* Sources */ = {
			isa = PBXSourcesBuildPhase;
			buildActionMask = 2147483647;
			files = (
				4B72789B2B53170C006E1400 /* TamblolaTests.swift in Sources */,
			);
			runOnlyForDeploymentPostprocessing = 0;
		};
		4B72789C2B53170C006E1400 /* Sources */ = {
			isa = PBXSourcesBuildPhase;
			buildActionMask = 2147483647;
			files = (
				4B7278A72B53170C006E1400 /* TamblolaUITestsLaunchTests.swift in Sources */,
				4B7278A52B53170C006E1400 /* TamblolaUITests.swift in Sources */,
			);
			runOnlyForDeploymentPostprocessing = 0;
		};
/* End PBXSourcesBuildPhase section */

/* Begin PBXTargetDependency section */
		4B7278982B53170C006E1400 /* PBXTargetDependency */ = {
			isa = PBXTargetDependency;
			target = 4B72787F2B53170B006E1400 /* Tamblola */;
			targetProxy = 4B7278972B53170C006E1400 /* PBXContainerItemProxy */;
		};
		4B7278A22B53170C006E1400 /* PBXTargetDependency */ = {
			isa = PBXTargetDependency;
			target = 4B72787F2B53170B006E1400 /* Tamblola */;
			targetProxy = 4B7278A12B53170C006E1400 /* PBXContainerItemProxy */;
		};
/* End PBXTargetDependency section */

/* Begin PBXVariantGroup section */
		4B7278892B53170B006E1400 /* Main.storyboard */ = {
			isa = PBXVariantGroup;
			children = (
				4B72788A2B53170B006E1400 /* Base */,
			);
			name = Main.storyboard;
			sourceTree = "<group>";
		};
		4B72788E2B53170C006E1400 /* LaunchScreen.storyboard */ = {
			isa = PBXVariantGroup;
			children = (
				4B72788F2B53170C006E1400 /* Base */,
			);
			name = LaunchScreen.storyboard;
			sourceTree = "<group>";
		};
/* End PBXVariantGroup section */

/* Begin XCBuildConfiguration section */
		4B7278A82B53170C006E1400 /* Debug */ = {
			isa = XCBuildConfiguration;
			buildSettings = {
				ALWAYS_SEARCH_USER_PATHS = NO;
				ASSETCATALOG_COMPILER_GENERATE_SWIFT_ASSET_SYMBOL_EXTENSIONS = YES;
				CLANG_ANALYZER_NONNULL = YES;
				CLANG_ANALYZER_NUMBER_OBJECT_CONVERSION = YES_AGGRESSIVE;
				CLANG_CXX_LANGUAGE_STANDARD = "gnu++20";
				CLANG_ENABLE_MODULES = YES;
				CLANG_ENABLE_OBJC_ARC = YES;
				CLANG_ENABLE_OBJC_WEAK = YES;
				CLANG_WARN_BLOCK_CAPTURE_AUTORELEASING = YES;
				CLANG_WARN_BOOL_CONVERSION = YES;
				CLANG_WARN_COMMA = YES;
				CLANG_WARN_CONSTANT_CONVERSION = YES;
				CLANG_WARN_DEPRECATED_OBJC_IMPLEMENTATIONS = YES;
				CLANG_WARN_DIRECT_OBJC_ISA_USAGE = YES_ERROR;
				CLANG_WARN_DOCUMENTATION_COMMENTS = YES;
				CLANG_WARN_EMPTY_BODY = YES;
				CLANG_WARN_ENUM_CONVERSION = YES;
				CLANG_WARN_INFINITE_RECURSION = YES;
				CLANG_WARN_INT_CONVERSION = YES;
				CLANG_WARN_NON_LITERAL_NULL_CONVERSION = YES;
				CLANG_WARN_OBJC_IMPLICIT_RETAIN_SELF = YES;
				CLANG_WARN_OBJC_LITERAL_CONVERSION = YES;
				CLANG_WARN_OBJC_ROOT_CLASS = YES_ERROR;
				CLANG_WARN_QUOTED_INCLUDE_IN_FRAMEWORK_HEADER = YES;
				CLANG_WARN_RANGE_LOOP_ANALYSIS = YES;
				CLANG_WARN_STRICT_PROTOTYPES = YES;
				CLANG_WARN_SUSPICIOUS_MOVE = YES;
				CLANG_WARN_UNGUARDED_AVAILABILITY = YES_AGGRESSIVE;
				CLANG_WARN_UNREACHABLE_CODE = YES;
				CLANG_WARN__DUPLICATE_METHOD_MATCH = YES;
				COPY_PHASE_STRIP = NO;
				DEBUG_INFORMATION_FORMAT = dwarf;
				ENABLE_STRICT_OBJC_MSGSEND = YES;
				ENABLE_TESTABILITY = YES;
				ENABLE_USER_SCRIPT_SANDBOXING = YES;
				GCC_C_LANGUAGE_STANDARD = gnu17;
				GCC_DYNAMIC_NO_PIC = NO;
				GCC_NO_COMMON_BLOCKS = YES;
				GCC_OPTIMIZATION_LEVEL = 0;
				GCC_PREPROCESSOR_DEFINITIONS = (
					"DEBUG=1",
					"$(inherited)",
				);
				GCC_WARN_64_TO_32_BIT_CONVERSION = YES;
				GCC_WARN_ABOUT_RETURN_TYPE = YES_ERROR;
				GCC_WARN_UNDECLARED_SELECTOR = YES;
				GCC_WARN_UNINITIALIZED_AUTOS = YES_AGGRESSIVE;
				GCC_WARN_UNUSED_FUNCTION = YES;
				GCC_WARN_UNUSED_VARIABLE = YES;
				IPHONEOS_DEPLOYMENT_TARGET = 17.2;
				LOCALIZATION_PREFERS_STRING_CATALOGS = YES;
				MTL_ENABLE_DEBUG_INFO = INCLUDE_SOURCE;
				MTL_FAST_MATH = YES;
				ONLY_ACTIVE_ARCH = YES;
				SDKROOT = iphoneos;
				SWIFT_ACTIVE_COMPILATION_CONDITIONS = "DEBUG $(inherited)";
				SWIFT_OPTIMIZATION_LEVEL = "-Onone";
			};
			name = Debug;
		};
		4B7278A92B53170C006E1400 /* Release */ = {
			isa = XCBuildConfiguration;
			buildSettings = {
				ALWAYS_SEARCH_USER_PATHS = NO;
				ASSETCATALOG_COMPILER_GENERATE_SWIFT_ASSET_SYMBOL_EXTENSIONS = YES;
				CLANG_ANALYZER_NONNULL = YES;
				CLANG_ANALYZER_NUMBER_OBJECT_CONVERSION = YES_AGGRESSIVE;
				CLANG_CXX_LANGUAGE_STANDARD = "gnu++20";
				CLANG_ENABLE_MODULES = YES;
				CLANG_ENABLE_OBJC_ARC = YES;
				CLANG_ENABLE_OBJC_WEAK = YES;
				CLANG_WARN_BLOCK_CAPTURE_AUTORELEASING = YES;
				CLANG_WARN_BOOL_CONVERSION = YES;
				CLANG_WARN_COMMA = YES;
				CLANG_WARN_CONSTANT_CONVERSION = YES;
				CLANG_WARN_DEPRECATED_OBJC_IMPLEMENTATIONS = YES;
				CLANG_WARN_DIRECT_OBJC_ISA_USAGE = YES_ERROR;
				CLANG_WARN_DOCUMENTATION_COMMENTS = YES;
				CLANG_WARN_EMPTY_BODY = YES;
				CLANG_WARN_ENUM_CONVERSION = YES;
				CLANG_WARN_INFINITE_RECURSION = YES;
				CLANG_WARN_INT_CONVERSION = YES;
				CLANG_WARN_NON_LITERAL_NULL_CONVERSION = YES;
				CLANG_WARN_OBJC_IMPLICIT_RETAIN_SELF = YES;
				CLANG_WARN_OBJC_LITERAL_CONVERSION = YES;
				CLANG_WARN_OBJC_ROOT_CLASS = YES_ERROR;
				CLANG_WARN_QUOTED_INCLUDE_IN_FRAMEWORK_HEADER = YES;
				CLANG_WARN_RANGE_LOOP_ANALYSIS = YES;
				CLANG_WARN_STRICT_PROTOTYPES = YES;
				CLANG_WARN_SUSPICIOUS_MOVE = YES;
				CLANG_WARN_UNGUARDED_AVAILABILITY = YES_AGGRESSIVE;
				CLANG_WARN_UNREACHABLE_CODE = YES;
				CLANG_WARN__DUPLICATE_METHOD_MATCH = YES;
				COPY_PHASE_STRIP = NO;
				DEBUG_INFORMATION_FORMAT = "dwarf-with-dsym";
				ENABLE_NS_ASSERTIONS = NO;
				ENABLE_STRICT_OBJC_MSGSEND = YES;
				ENABLE_USER_SCRIPT_SANDBOXING = YES;
				GCC_C_LANGUAGE_STANDARD = gnu17;
				GCC_NO_COMMON_BLOCKS = YES;
				GCC_WARN_64_TO_32_BIT_CONVERSION = YES;
				GCC_WARN_ABOUT_RETURN_TYPE = YES_ERROR;
				GCC_WARN_UNDECLARED_SELECTOR = YES;
				GCC_WARN_UNINITIALIZED_AUTOS = YES_AGGRESSIVE;
				GCC_WARN_UNUSED_FUNCTION = YES;
				GCC_WARN_UNUSED_VARIABLE = YES;
				IPHONEOS_DEPLOYMENT_TARGET = 17.2;
				LOCALIZATION_PREFERS_STRING_CATALOGS = YES;
				MTL_ENABLE_DEBUG_INFO = NO;
				MTL_FAST_MATH = YES;
				SDKROOT = iphoneos;
				SWIFT_COMPILATION_MODE = wholemodule;
				VALIDATE_PRODUCT = YES;
			};
			name = Release;
		};
		4B7278AB2B53170C006E1400 /* Debug */ = {
			isa = XCBuildConfiguration;
			buildSettings = {
				ASSETCATALOG_COMPILER_APPICON_NAME = AppIcon;
				ASSETCATALOG_COMPILER_GLOBAL_ACCENT_COLOR_NAME = AccentColor;
				CODE_SIGN_STYLE = Automatic;
				CURRENT_PROJECT_VERSION = 1;
				DEVELOPMENT_TEAM = 4KVF7LN922;
				GENERATE_INFOPLIST_FILE = YES;
				INFOPLIST_FILE = Tamblola/Info.plist;
				INFOPLIST_KEY_UIApplicationSupportsIndirectInputEvents = YES;
				INFOPLIST_KEY_UILaunchStoryboardName = LaunchScreen;
				INFOPLIST_KEY_UIMainStoryboardFile = Main;
				INFOPLIST_KEY_UISupportedInterfaceOrientations_iPad = "UIInterfaceOrientationPortrait UIInterfaceOrientationPortraitUpsideDown UIInterfaceOrientationLandscapeLeft UIInterfaceOrientationLandscapeRight";
				INFOPLIST_KEY_UISupportedInterfaceOrientations_iPhone = "UIInterfaceOrientationPortrait UIInterfaceOrientationLandscapeLeft UIInterfaceOrientationLandscapeRight";
				LD_RUNPATH_SEARCH_PATHS = (
					"$(inherited)",
					"@executable_path/Frameworks",
				);
				MARKETING_VERSION = 1.0;
				PRODUCT_BUNDLE_IDENTIFIER = com.yashbedi.dc07b266f125a54b.Tamblola;
				PRODUCT_NAME = "$(TARGET_NAME)";
				SWIFT_EMIT_LOC_STRINGS = YES;
				SWIFT_VERSION = 5.0;
				TARGETED_DEVICE_FAMILY = "1,2";
			};
			name = Debug;
		};
		4B7278AC2B53170C006E1400 /* Release */ = {
			isa = XCBuildConfiguration;
			buildSettings = {
				ASSETCATALOG_COMPILER_APPICON_NAME = AppIcon;
				ASSETCATALOG_COMPILER_GLOBAL_ACCENT_COLOR_NAME = AccentColor;
				CODE_SIGN_STYLE = Automatic;
				CURRENT_PROJECT_VERSION = 1;
				DEVELOPMENT_TEAM = 4KVF7LN922;
				GENERATE_INFOPLIST_FILE = YES;
				INFOPLIST_FILE = Tamblola/Info.plist;
				INFOPLIST_KEY_UIApplicationSupportsIndirectInputEvents = YES;
				INFOPLIST_KEY_UILaunchStoryboardName = LaunchScreen;
				INFOPLIST_KEY_UIMainStoryboardFile = Main;
				INFOPLIST_KEY_UISupportedInterfaceOrientations_iPad = "UIInterfaceOrientationPortrait UIInterfaceOrientationPortraitUpsideDown UIInterfaceOrientationLandscapeLeft UIInterfaceOrientationLandscapeRight";
				INFOPLIST_KEY_UISupportedInterfaceOrientations_iPhone = "UIInterfaceOrientationPortrait UIInterfaceOrientationLandscapeLeft UIInterfaceOrientationLandscapeRight";
				LD_RUNPATH_SEARCH_PATHS = (
					"$(inherited)",
					"@executable_path/Frameworks",
				);
				MARKETING_VERSION = 1.0;
				PRODUCT_BUNDLE_IDENTIFIER = com.yashbedi.dc07b266f125a54b.Tamblola;
				PRODUCT_NAME = "$(TARGET_NAME)";
				SWIFT_EMIT_LOC_STRINGS = YES;
				SWIFT_VERSION = 5.0;
				TARGETED_DEVICE_FAMILY = "1,2";
			};
			name = Release;
		};
		4B7278AE2B53170C006E1400 /* Debug */ = {
			isa = XCBuildConfiguration;
			buildSettings = {
				ALWAYS_EMBED_SWIFT_STANDARD_LIBRARIES = YES;
				BUNDLE_LOADER = "$(TEST_HOST)";
				CODE_SIGN_STYLE = Automatic;
				CURRENT_PROJECT_VERSION = 1;
				DEVELOPMENT_TEAM = 4KVF7LN922;
				GENERATE_INFOPLIST_FILE = YES;
				IPHONEOS_DEPLOYMENT_TARGET = 17.2;
				MARKETING_VERSION = 1.0;
				PRODUCT_BUNDLE_IDENTIFIER = com.yashbedi.dc07b266f125a54b.TamblolaTests;
				PRODUCT_NAME = "$(TARGET_NAME)";
				SWIFT_EMIT_LOC_STRINGS = NO;
				SWIFT_VERSION = 5.0;
				TARGETED_DEVICE_FAMILY = "1,2";
				TEST_HOST = "$(BUILT_PRODUCTS_DIR)/Tamblola.app/$(BUNDLE_EXECUTABLE_FOLDER_PATH)/Tamblola";
			};
			name = Debug;
		};
		4B7278AF2B53170C006E1400 /* Release */ = {
			isa = XCBuildConfiguration;
			buildSettings = {
				ALWAYS_EMBED_SWIFT_STANDARD_LIBRARIES = YES;
				BUNDLE_LOADER = "$(TEST_HOST)";
				CODE_SIGN_STYLE = Automatic;
				CURRENT_PROJECT_VERSION = 1;
				DEVELOPMENT_TEAM = 4KVF7LN922;
				GENERATE_INFOPLIST_FILE = YES;
				IPHONEOS_DEPLOYMENT_TARGET = 17.2;
				MARKETING_VERSION = 1.0;
				PRODUCT_BUNDLE_IDENTIFIER = com.yashbedi.dc07b266f125a54b.TamblolaTests;
				PRODUCT_NAME = "$(TARGET_NAME)";
				SWIFT_EMIT_LOC_STRINGS = NO;
				SWIFT_VERSION = 5.0;
				TARGETED_DEVICE_FAMILY = "1,2";
				TEST_HOST = "$(BUILT_PRODUCTS_DIR)/Tamblola.app/$(BUNDLE_EXECUTABLE_FOLDER_PATH)/Tamblola";
			};
			name = Release;
		};
		4B7278B12B53170C006E1400 /* Debug */ = {
			isa = XCBuildConfiguration;
			buildSettings = {
				ALWAYS_EMBED_SWIFT_STANDARD_LIBRARIES = YES;
				CODE_SIGN_STYLE = Automatic;
				CURRENT_PROJECT_VERSION = 1;
				DEVELOPMENT_TEAM = 4KVF7LN922;
				GENERATE_INFOPLIST_FILE = YES;
				MARKETING_VERSION = 1.0;
				PRODUCT_BUNDLE_IDENTIFIER = com.yashbedi.dc07b266f125a54b.TamblolaUITests;
				PRODUCT_NAME = "$(TARGET_NAME)";
				SWIFT_EMIT_LOC_STRINGS = NO;
				SWIFT_VERSION = 5.0;
				TARGETED_DEVICE_FAMILY = "1,2";
				TEST_TARGET_NAME = Tamblola;
			};
			name = Debug;
		};
		4B7278B22B53170C006E1400 /* Release */ = {
			isa = XCBuildConfiguration;
			buildSettings = {
				ALWAYS_EMBED_SWIFT_STANDARD_LIBRARIES = YES;
				CODE_SIGN_STYLE = Automatic;
				CURRENT_PROJECT_VERSION = 1;
				DEVELOPMENT_TEAM = 4KVF7LN922;
				GENERATE_INFOPLIST_FILE = YES;
				MARKETING_VERSION = 1.0;
				PRODUCT_BUNDLE_IDENTIFIER = com.yashbedi.dc07b266f125a54b.TamblolaUITests;
				PRODUCT_NAME = "$(TARGET_NAME)";
				SWIFT_EMIT_LOC_STRINGS = NO;
				SWIFT_VERSION = 5.0;
				TARGETED_DEVICE_FAMILY = "1,2";
				TEST_TARGET_NAME = Tamblola;
			};
			name = Release;
		};
/* End XCBuildConfiguration section */

/* Begin XCConfigurationList section */
		4B72787B2B53170B006E1400 /* Build configuration list for PBXProject "Tamblola" */ = {
			isa = XCConfigurationList;
			buildConfigurations = (
				4B7278A82B53170C006E1400 /* Debug */,
				4B7278A92B53170C006E1400 /* Release */,
			);
			defaultConfigurationIsVisible = 0;
			defaultConfigurationName = Release;
		};
		4B7278AA2B53170C006E1400 /* Build configuration list for PBXNativeTarget "Tamblola" */ = {
			isa = XCConfigurationList;
			buildConfigurations = (
				4B7278AB2B53170C006E1400 /* Debug */,
				4B7278AC2B53170C006E1400 /* Release */,
			);
			defaultConfigurationIsVisible = 0;
			defaultConfigurationName = Release;
		};
		4B7278AD2B53170C006E1400 /* Build configuration list for PBXNativeTarget "TamblolaTests" */ = {
			isa = XCConfigurationList;
			buildConfigurations = (
				4B7278AE2B53170C006E1400 /* Debug */,
				4B7278AF2B53170C006E1400 /* Release */,
			);
			defaultConfigurationIsVisible = 0;
			defaultConfigurationName = Release;
		};
		4B7278B02B53170C006E1400 /* Build configuration list for PBXNativeTarget "TamblolaUITests" */ = {
			isa = XCConfigurationList;
			buildConfigurations = (
				4B7278B12B53170C006E1400 /* Debug */,
				4B7278B22B53170C006E1400 /* Release */,
			);
			defaultConfigurationIsVisible = 0;
			defaultConfigurationName = Release;
		};
/* End XCConfigurationList section */
	};
	rootObject = 4B7278782B53170B006E1400 /* Project object */;
}
